
Microsoft Visual Studio Solution File, Format Version 12.00
# Visual Studio Version 17
VisualStudioVersion = 17.3.32929.385
MinimumVisualStudioVersion = 10.0.40219.1
Project("{FAE04EC0-301F-11D3-BF4B-00C04F79EFBC}") = "Domain", "Domain\Domain.csproj", "{15208F14-7E47-40CC-93D9-7841C9EA7D63}"
EndProject
Project("{FAE04EC0-301F-11D3-BF4B-00C04F79EFBC}") = "Application", "Application\Application.csproj", "{4F8273B2-564D-4498-AAB0-4C64A35271CF}"
EndProject
Project("{FAE04EC0-301F-11D3-BF4B-00C04F79EFBC}") = "Infrastructure", "Infrastructure\Infrastructure.csproj", "{C9F05AFC-8B10-408E-91AA-D496266C26E0}"
EndProject
Project("{FAE04EC0-301F-11D3-BF4B-00C04F79EFBC}") = "CrossCutting", "CrossCutting\CrossCutting.csproj", "{E7C4A1C9-7D2D-4B3C-920C-F8F7F382050A}"
EndProject
Project("{FAE04EC0-301F-11D3-BF4B-00C04F79EFBC}") = "API", "API\API.csproj", "{1D4E4A4B-F9FF-49E1-B690-246655397497}"
EndProject
Global
	GlobalSection(SolutionConfigurationPlatforms) = preSolution
		Debug|Any CPU = Debug|Any CPU
		Release|Any CPU = Release|Any CPU
	EndGlobalSection
	GlobalSection(ProjectConfigurationPlatforms) = postSolution
		{15208F14-7E47-40CC-93D9-7841C9EA7D63}.Debug|Any CPU.ActiveCfg = Debug|Any CPU
		{15208F14-7E47-40CC-93D9-7841C9EA7D63}.Debug|Any CPU.Build.0 = Debug|Any CPU
		{15208F14-7E47-40CC-93D9-7841C9EA7D63}.Release|Any CPU.ActiveCfg = Release|Any CPU
		{15208F14-7E47-40CC-93D9-7841C9EA7D63}.Release|Any CPU.Build.0 = Release|Any CPU
		{4F8273B2-564D-4498-AAB0-4C64A35271CF}.Debug|Any CPU.ActiveCfg = Debug|Any CPU
		{4F8273B2-564D-4498-AAB0-4C64A35271CF}.Debug|Any CPU.Build.0 = Debug|Any CPU
		{4F8273B2-564D-4498-AAB0-4C64A35271CF}.Release|Any CPU.ActiveCfg = Release|Any CPU
		{4F8273B2-564D-4498-AAB0-4C64A35271CF}.Release|Any CPU.Build.0 = Release|Any CPU
		{C9F05AFC-8B10-408E-91AA-D496266C26E0}.Debug|Any CPU.ActiveCfg = Debug|Any CPU
		{C9F05AFC-8B10-408E-91AA-D496266C26E0}.Debug|Any CPU.Build.0 = Debug|Any CPU
		{C9F05AFC-8B10-408E-91AA-D496266C26E0}.Release|Any CPU.ActiveCfg = Release|Any CPU
		{C9F05AFC-8B10-408E-91AA-D496266C26E0}.Release|Any CPU.Build.0 = Release|Any CPU
		{E7C4A1C9-7D2D-4B3C-920C-F8F7F382050A}.Debug|Any CPU.ActiveCfg = Debug|Any CPU
		{E7C4A1C9-7D2D-4B3C-920C-F8F7F382050A}.Debug|Any CPU.Build.0 = Debug|Any CPU
		{E7C4A1C9-7D2D-4B3C-920C-F8F7F382050A}.Release|Any CPU.ActiveCfg = Release|Any CPU
		{E7C4A1C9-7D2D-4B3C-920C-F8F7F382050A}.Release|Any CPU.Build.0 = Release|Any CPU
		{1D4E4A4B-F9FF-49E1-B690-246655397497}.Debug|Any CPU.ActiveCfg = Debug|Any CPU
		{1D4E4A4B-F9FF-49E1-B690-246655397497}.Debug|Any CPU.Build.0 = Debug|Any CPU
		{1D4E4A4B-F9FF-49E1-B690-246655397497}.Release|Any CPU.ActiveCfg = Release|Any CPU
		{1D4E4A4B-F9FF-49E1-B690-246655397497}.Release|Any CPU.Build.0 = Release|Any CPU
	EndGlobalSection
	GlobalSection(SolutionProperties) = preSolution
		HideSolutionNode = FALSE
	EndGlobalSection
	GlobalSection(ExtensibilityGlobals) = postSolution
		SolutionGuid = {6B0E4E0B-812C-44BD-B003-C34A84800B6F}
	EndGlobalSection
EndGlobal
